// !$*UTF8*$!
{
	archiveVersion = 1;
	classes = {
	};
	objectVersion = 56;
	objects = {

/* Begin PBXBuildFile section */
		895ED3D02B53081D00750F9D /* NasaImagesApp.swift in Sources */ = {isa = PBXBuildFile; fileRef = 895ED3CF2B53081D00750F9D /* NasaImagesApp.swift */; };
		895ED3D42B53081D00750F9D /* Assets.xcassets in Resources */ = {isa = PBXBuildFile; fileRef = 895ED3D32B53081D00750F9D /* Assets.xcassets */; };
		895ED3D72B53081D00750F9D /* Preview Assets.xcassets in Resources */ = {isa = PBXBuildFile; fileRef = 895ED3D62B53081D00750F9D /* Preview Assets.xcassets */; };
		895ED3E12B53081E00750F9D /* NasaImagesTests.swift in Sources */ = {isa = PBXBuildFile; fileRef = 895ED3E02B53081E00750F9D /* NasaImagesTests.swift */; };
		895ED3EB2B53081E00750F9D /* NasaImagesUITests.swift in Sources */ = {isa = PBXBuildFile; fileRef = 895ED3EA2B53081E00750F9D /* NasaImagesUITests.swift */; };
		895ED3ED2B53081E00750F9D /* NasaImagesUITestsLaunchTests.swift in Sources */ = {isa = PBXBuildFile; fileRef = 895ED3EC2B53081E00750F9D /* NasaImagesUITestsLaunchTests.swift */; };
		895ED3FD2B530D5500750F9D /* ListOfDailyImages.swift in Sources */ = {isa = PBXBuildFile; fileRef = 895ED3FC2B530D5500750F9D /* ListOfDailyImages.swift */; };
		895ED4002B530F3800750F9D /* NasaImageInformation.swift in Sources */ = {isa = PBXBuildFile; fileRef = 895ED3FF2B530F3800750F9D /* NasaImageInformation.swift */; };
		895ED4032B53137E00750F9D /* HttpErrorEnum.swift in Sources */ = {isa = PBXBuildFile; fileRef = 895ED4022B53137E00750F9D /* HttpErrorEnum.swift */; };
		895ED4052B53279F00750F9D /* NasaApiData.swift in Sources */ = {isa = PBXBuildFile; fileRef = 895ED4042B53279F00750F9D /* NasaApiData.swift */; };
		895ED4082B5335B800750F9D /* NasaApiHandler.swift in Sources */ = {isa = PBXBuildFile; fileRef = 895ED4072B5335B800750F9D /* NasaApiHandler.swift */; };
		895ED40B2B53441300750F9D /* ContentView.swift in Sources */ = {isa = PBXBuildFile; fileRef = 895ED40A2B53441300750F9D /* ContentView.swift */; };
		895ED40D2B53446D00750F9D /* DailyImageListView.swift in Sources */ = {isa = PBXBuildFile; fileRef = 895ED40C2B53446D00750F9D /* DailyImageListView.swift */; };
		895ED40F2B53565000750F9D /* DailyImageDetailView.swift in Sources */ = {isa = PBXBuildFile; fileRef = 895ED40E2B53565000750F9D /* DailyImageDetailView.swift */; };
		895ED4112B535E1500750F9D /* ImageDownloadHandler.swift in Sources */ = {isa = PBXBuildFile; fileRef = 895ED4102B535E1500750F9D /* ImageDownloadHandler.swift */; };
		895ED4132B535EF500750F9D /* ImageForTheDay.swift in Sources */ = {isa = PBXBuildFile; fileRef = 895ED4122B535EF500750F9D /* ImageForTheDay.swift */; };
/* End PBXBuildFile section */

/* Begin PBXContainerItemProxy section */
		895ED3DD2B53081E00750F9D /* PBXContainerItemProxy */ = {
			isa = PBXContainerItemProxy;
			containerPortal = 895ED3C42B53081C00750F9D /* Project object */;
			proxyType = 1;
			remoteGlobalIDString = 895ED3CB2B53081D00750F9D;
			remoteInfo = NasaImages;
		};
		895ED3E72B53081E00750F9D /* PBXContainerItemProxy */ = {
			isa = PBXContainerItemProxy;
			containerPortal = 895ED3C42B53081C00750F9D /* Project object */;
			proxyType = 1;
			remoteGlobalIDString = 895ED3CB2B53081D00750F9D;
			remoteInfo = NasaImages;
		};
/* End PBXContainerItemProxy section */

/* Begin PBXFileReference section */
		895ED3CC2B53081D00750F9D /* NasaImages.app */ = {isa = PBXFileReference; explicitFileType = wrapper.application; includeInIndex = 0; path = NasaImages.app; sourceTree = BUILT_PRODUCTS_DIR; };
		895ED3CF2B53081D00750F9D /* NasaImagesApp.swift */ = {isa = PBXFileReference; lastKnownFileType = sourcecode.swift; path = NasaImagesApp.swift; sourceTree = "<group>"; };
		895ED3D32B53081D00750F9D /* Assets.xcassets */ = {isa = PBXFileReference; lastKnownFileType = folder.assetcatalog; path = Assets.xcassets; sourceTree = "<group>"; };
		895ED3D62B53081D00750F9D /* Preview Assets.xcassets */ = {isa = PBXFileReference; lastKnownFileType = folder.assetcatalog; path = "Preview Assets.xcassets"; sourceTree = "<group>"; };
		895ED3DC2B53081E00750F9D /* NasaImagesTests.xctest */ = {isa = PBXFileReference; explicitFileType = wrapper.cfbundle; includeInIndex = 0; path = NasaImagesTests.xctest; sourceTree = BUILT_PRODUCTS_DIR; };
		895ED3E02B53081E00750F9D /* NasaImagesTests.swift */ = {isa = PBXFileReference; lastKnownFileType = sourcecode.swift; path = NasaImagesTests.swift; sourceTree = "<group>"; };
		895ED3E62B53081E00750F9D /* NasaImagesUITests.xctest */ = {isa = PBXFileReference; explicitFileType = wrapper.cfbundle; includeInIndex = 0; path = NasaImagesUITests.xctest; sourceTree = BUILT_PRODUCTS_DIR; };
		895ED3EA2B53081E00750F9D /* NasaImagesUITests.swift */ = {isa = PBXFileReference; lastKnownFileType = sourcecode.swift; path = NasaImagesUITests.swift; sourceTree = "<group>"; };
		895ED3EC2B53081E00750F9D /* NasaImagesUITestsLaunchTests.swift */ = {isa = PBXFileReference; lastKnownFileType = sourcecode.swift; path = NasaImagesUITestsLaunchTests.swift; sourceTree = "<group>"; };
		895ED3F92B530A5500750F9D /* secrets.xcconfig */ = {isa = PBXFileReference; lastKnownFileType = text.xcconfig; path = secrets.xcconfig; sourceTree = "<group>"; };
		895ED3FA2B530B4C00750F9D /* Info.plist */ = {isa = PBXFileReference; lastKnownFileType = text.plist; path = Info.plist; sourceTree = "<group>"; };
		895ED3FC2B530D5500750F9D /* ListOfDailyImages.swift */ = {isa = PBXFileReference; lastKnownFileType = sourcecode.swift; path = ListOfDailyImages.swift; sourceTree = "<group>"; };
		895ED3FF2B530F3800750F9D /* NasaImageInformation.swift */ = {isa = PBXFileReference; lastKnownFileType = sourcecode.swift; path = NasaImageInformation.swift; sourceTree = "<group>"; };
		895ED4022B53137E00750F9D /* HttpErrorEnum.swift */ = {isa = PBXFileReference; lastKnownFileType = sourcecode.swift; path = HttpErrorEnum.swift; sourceTree = "<group>"; };
		895ED4042B53279F00750F9D /* NasaApiData.swift */ = {isa = PBXFileReference; lastKnownFileType = sourcecode.swift; path = NasaApiData.swift; sourceTree = "<group>"; };
		895ED4072B5335B800750F9D /* NasaApiHandler.swift */ = {isa = PBXFileReference; lastKnownFileType = sourcecode.swift; path = NasaApiHandler.swift; sourceTree = "<group>"; };
		895ED40A2B53441300750F9D /* ContentView.swift */ = {isa = PBXFileReference; fileEncoding = 4; lastKnownFileType = sourcecode.swift; path = ContentView.swift; sourceTree = "<group>"; };
		895ED40C2B53446D00750F9D /* DailyImageListView.swift */ = {isa = PBXFileReference; lastKnownFileType = sourcecode.swift; path = DailyImageListView.swift; sourceTree = "<group>"; };
		895ED40E2B53565000750F9D /* DailyImageDetailView.swift */ = {isa = PBXFileReference; lastKnownFileType = sourcecode.swift; path = DailyImageDetailView.swift; sourceTree = "<group>"; };
		895ED4102B535E1500750F9D /* ImageDownloadHandler.swift */ = {isa = PBXFileReference; lastKnownFileType = sourcecode.swift; path = ImageDownloadHandler.swift; sourceTree = "<group>"; };
		895ED4122B535EF500750F9D /* ImageForTheDay.swift */ = {isa = PBXFileReference; lastKnownFileType = sourcecode.swift; path = ImageForTheDay.swift; sourceTree = "<group>"; };
/* End PBXFileReference section */

/* Begin PBXFrameworksBuildPhase section */
		895ED3C92B53081D00750F9D /* Frameworks */ = {
			isa = PBXFrameworksBuildPhase;
			buildActionMask = 2147483647;
			files = (
			);
			runOnlyForDeploymentPostprocessing = 0;
		};
		895ED3D92B53081E00750F9D /* Frameworks */ = {
			isa = PBXFrameworksBuildPhase;
			buildActionMask = 2147483647;
			files = (
			);
			runOnlyForDeploymentPostprocessing = 0;
		};
		895ED3E32B53081E00750F9D /* Frameworks */ = {
			isa = PBXFrameworksBuildPhase;
			buildActionMask = 2147483647;
			files = (
			);
			runOnlyForDeploymentPostprocessing = 0;
		};
/* End PBXFrameworksBuildPhase section */

/* Begin PBXGroup section */
		895ED3C32B53081C00750F9D = {
			isa = PBXGroup;
			children = (
				895ED3F92B530A5500750F9D /* secrets.xcconfig */,
				895ED3CE2B53081D00750F9D /* NasaImages */,
				895ED3DF2B53081E00750F9D /* NasaImagesTests */,
				895ED3E92B53081E00750F9D /* NasaImagesUITests */,
				895ED3CD2B53081D00750F9D /* Products */,
			);
			sourceTree = "<group>";
		};
		895ED3CD2B53081D00750F9D /* Products */ = {
			isa = PBXGroup;
			children = (
				895ED3CC2B53081D00750F9D /* NasaImages.app */,
				895ED3DC2B53081E00750F9D /* NasaImagesTests.xctest */,
				895ED3E62B53081E00750F9D /* NasaImagesUITests.xctest */,
			);
			name = Products;
			sourceTree = "<group>";
		};
		895ED3CE2B53081D00750F9D /* NasaImages */ = {
			isa = PBXGroup;
			children = (
				895ED4062B53359600750F9D /* ProcessHandlers */,
				895ED4092B5343D700750F9D /* Views */,
				895ED4012B53136500750F9D /* Enums */,
				895ED3FE2B530EEA00750F9D /* Models */,
				895ED3FB2B530D2C00750F9D /* ObservableObjects */,
				895ED3FA2B530B4C00750F9D /* Info.plist */,
				895ED3CF2B53081D00750F9D /* NasaImagesApp.swift */,
				895ED3D32B53081D00750F9D /* Assets.xcassets */,
				895ED3D52B53081D00750F9D /* Preview Content */,
			);
			path = NasaImages;
			sourceTree = "<group>";
		};
		895ED3D52B53081D00750F9D /* Preview Content */ = {
			isa = PBXGroup;
			children = (
				895ED3D62B53081D00750F9D /* Preview Assets.xcassets */,
			);
			path = "Preview Content";
			sourceTree = "<group>";
		};
		895ED3DF2B53081E00750F9D /* NasaImagesTests */ = {
			isa = PBXGroup;
			children = (
				895ED3E02B53081E00750F9D /* NasaImagesTests.swift */,
			);
			path = NasaImagesTests;
			sourceTree = "<group>";
		};
		895ED3E92B53081E00750F9D /* NasaImagesUITests */ = {
			isa = PBXGroup;
			children = (
				895ED3EA2B53081E00750F9D /* NasaImagesUITests.swift */,
				895ED3EC2B53081E00750F9D /* NasaImagesUITestsLaunchTests.swift */,
			);
			path = NasaImagesUITests;
			sourceTree = "<group>";
		};
		895ED3FB2B530D2C00750F9D /* ObservableObjects */ = {
			isa = PBXGroup;
			children = (
				895ED3FC2B530D5500750F9D /* ListOfDailyImages.swift */,
				895ED4122B535EF500750F9D /* ImageForTheDay.swift */,
			);
			path = ObservableObjects;
			sourceTree = "<group>";
		};
		895ED3FE2B530EEA00750F9D /* Models */ = {
			isa = PBXGroup;
			children = (
				895ED3FF2B530F3800750F9D /* NasaImageInformation.swift */,
				895ED4042B53279F00750F9D /* NasaApiData.swift */,
			);
			path = Models;
			sourceTree = "<group>";
		};
		895ED4012B53136500750F9D /* Enums */ = {
			isa = PBXGroup;
			children = (
				895ED4022B53137E00750F9D /* HttpErrorEnum.swift */,
			);
			path = Enums;
			sourceTree = "<group>";
		};
		895ED4062B53359600750F9D /* ProcessHandlers */ = {
			isa = PBXGroup;
			children = (
				895ED4072B5335B800750F9D /* NasaApiHandler.swift */,
				895ED4102B535E1500750F9D /* ImageDownloadHandler.swift */,
			);
			path = ProcessHandlers;
			sourceTree = "<group>";
		};
		895ED4092B5343D700750F9D /* Views */ = {
			isa = PBXGroup;
			children = (
				895ED40A2B53441300750F9D /* ContentView.swift */,
				895ED40C2B53446D00750F9D /* DailyImageListView.swift */,
				895ED40E2B53565000750F9D /* DailyImageDetailView.swift */,
			);
			path = Views;
			sourceTree = "<group>";
		};
/* End PBXGroup section */

/* Begin PBXNativeTarget section */
		895ED3CB2B53081D00750F9D /* NasaImages */ = {
			isa = PBXNativeTarget;
			buildConfigurationList = 895ED3F02B53081E00750F9D /* Build configuration list for PBXNativeTarget "NasaImages" */;
			buildPhases = (
				895ED3C82B53081D00750F9D /* Sources */,
				895ED3C92B53081D00750F9D /* Frameworks */,
				895ED3CA2B53081D00750F9D /* Resources */,
			);
			buildRules = (
			);
			dependencies = (
			);
			name = NasaImages;
			productName = NasaImages;
			productReference = 895ED3CC2B53081D00750F9D /* NasaImages.app */;
			productType = "com.apple.product-type.application";
		};
		895ED3DB2B53081E00750F9D /* NasaImagesTests */ = {
			isa = PBXNativeTarget;
			buildConfigurationList = 895ED3F32B53081E00750F9D /* Build configuration list for PBXNativeTarget "NasaImagesTests" */;
			buildPhases = (
				895ED3D82B53081E00750F9D /* Sources */,
				895ED3D92B53081E00750F9D /* Frameworks */,
				895ED3DA2B53081E00750F9D /* Resources */,
			);
			buildRules = (
			);
			dependencies = (
				895ED3DE2B53081E00750F9D /* PBXTargetDependency */,
			);
			name = NasaImagesTests;
			productName = NasaImagesTests;
			productReference = 895ED3DC2B53081E00750F9D /* NasaImagesTests.xctest */;
			productType = "com.apple.product-type.bundle.unit-test";
		};
		895ED3E52B53081E00750F9D /* NasaImagesUITests */ = {
			isa = PBXNativeTarget;
			buildConfigurationList = 895ED3F62B53081E00750F9D /* Build configuration list for PBXNativeTarget "NasaImagesUITests" */;
			buildPhases = (
				895ED3E22B53081E00750F9D /* Sources */,
				895ED3E32B53081E00750F9D /* Frameworks */,
				895ED3E42B53081E00750F9D /* Resources */,
			);
			buildRules = (
			);
			dependencies = (
				895ED3E82B53081E00750F9D /* PBXTargetDependency */,
			);
			name = NasaImagesUITests;
			productName = NasaImagesUITests;
			productReference = 895ED3E62B53081E00750F9D /* NasaImagesUITests.xctest */;
			productType = "com.apple.product-type.bundle.ui-testing";
		};
/* End PBXNativeTarget section */

/* Begin PBXProject section */
		895ED3C42B53081C00750F9D /* Project object */ = {
			isa = PBXProject;
			attributes = {
				BuildIndependentTargetsInParallel = 1;
				LastSwiftUpdateCheck = 1520;
				LastUpgradeCheck = 1520;
				TargetAttributes = {
					895ED3CB2B53081D00750F9D = {
						CreatedOnToolsVersion = 15.2;
					};
					895ED3DB2B53081E00750F9D = {
						CreatedOnToolsVersion = 15.2;
						TestTargetID = 895ED3CB2B53081D00750F9D;
					};
					895ED3E52B53081E00750F9D = {
						CreatedOnToolsVersion = 15.2;
						TestTargetID = 895ED3CB2B53081D00750F9D;
					};
				};
			};
			buildConfigurationList = 895ED3C72B53081C00750F9D /* Build configuration list for PBXProject "NasaImages" */;
			compatibilityVersion = "Xcode 14.0";
			developmentRegion = en;
			hasScannedForEncodings = 0;
			knownRegions = (
				en,
				Base,
			);
			mainGroup = 895ED3C32B53081C00750F9D;
			productRefGroup = 895ED3CD2B53081D00750F9D /* Products */;
			projectDirPath = "";
			projectRoot = "";
			targets = (
				895ED3CB2B53081D00750F9D /* NasaImages */,
				895ED3DB2B53081E00750F9D /* NasaImagesTests */,
				895ED3E52B53081E00750F9D /* NasaImagesUITests */,
			);
		};
/* End PBXProject section */

/* Begin PBXResourcesBuildPhase section */
		895ED3CA2B53081D00750F9D /* Resources */ = {
			isa = PBXResourcesBuildPhase;
			buildActionMask = 2147483647;
			files = (
				895ED3D72B53081D00750F9D /* Preview Assets.xcassets in Resources */,
				895ED3D42B53081D00750F9D /* Assets.xcassets in Resources */,
			);
			runOnlyForDeploymentPostprocessing = 0;
		};
		895ED3DA2B53081E00750F9D /* Resources */ = {
			isa = PBXResourcesBuildPhase;
			buildActionMask = 2147483647;
			files = (
			);
			runOnlyForDeploymentPostprocessing = 0;
		};
		895ED3E42B53081E00750F9D /* Resources */ = {
			isa = PBXResourcesBuildPhase;
			buildActionMask = 2147483647;
			files = (
			);
			runOnlyForDeploymentPostprocessing = 0;
		};
/* End PBXResourcesBuildPhase section */

/* Begin PBXSourcesBuildPhase section */
		895ED3C82B53081D00750F9D /* Sources */ = {
			isa = PBXSourcesBuildPhase;
			buildActionMask = 2147483647;
			files = (
				895ED40D2B53446D00750F9D /* DailyImageListView.swift in Sources */,
				895ED4052B53279F00750F9D /* NasaApiData.swift in Sources */,
				895ED40B2B53441300750F9D /* ContentView.swift in Sources */,
				895ED4032B53137E00750F9D /* HttpErrorEnum.swift in Sources */,
				895ED40F2B53565000750F9D /* DailyImageDetailView.swift in Sources */,
				895ED4002B530F3800750F9D /* NasaImageInformation.swift in Sources */,
				895ED4112B535E1500750F9D /* ImageDownloadHandler.swift in Sources */,
				895ED3FD2B530D5500750F9D /* ListOfDailyImages.swift in Sources */,
				895ED3D02B53081D00750F9D /* NasaImagesApp.swift in Sources */,
				895ED4132B535EF500750F9D /* ImageForTheDay.swift in Sources */,
				895ED4082B5335B800750F9D /* NasaApiHandler.swift in Sources */,
			);
			runOnlyForDeploymentPostprocessing = 0;
		};
		895ED3D82B53081E00750F9D /* Sources */ = {
			isa = PBXSourcesBuildPhase;
			buildActionMask = 2147483647;
			files = (
				895ED3E12B53081E00750F9D /* NasaImagesTests.swift in Sources */,
			);
			runOnlyForDeploymentPostprocessing = 0;
		};
		895ED3E22B53081E00750F9D /* Sources */ = {
			isa = PBXSourcesBuildPhase;
			buildActionMask = 2147483647;
			files = (
				895ED3EB2B53081E00750F9D /* NasaImagesUITests.swift in Sources */,
				895ED3ED2B53081E00750F9D /* NasaImagesUITestsLaunchTests.swift in Sources */,
			);
			runOnlyForDeploymentPostprocessing = 0;
		};
/* End PBXSourcesBuildPhase section */

/* Begin PBXTargetDependency section */
		895ED3DE2B53081E00750F9D /* PBXTargetDependency */ = {
			isa = PBXTargetDependency;
			target = 895ED3CB2B53081D00750F9D /* NasaImages */;
			targetProxy = 895ED3DD2B53081E00750F9D /* PBXContainerItemProxy */;
		};
		895ED3E82B53081E00750F9D /* PBXTargetDependency */ = {
			isa = PBXTargetDependency;
			target = 895ED3CB2B53081D00750F9D /* NasaImages */;
			targetProxy = 895ED3E72B53081E00750F9D /* PBXContainerItemProxy */;
		};
/* End PBXTargetDependency section */

/* Begin XCBuildConfiguration section */
		895ED3EE2B53081E00750F9D /* Debug */ = {
			isa = XCBuildConfiguration;
			buildSettings = {
				ALWAYS_SEARCH_USER_PATHS = NO;
				ASSETCATALOG_COMPILER_GENERATE_SWIFT_ASSET_SYMBOL_EXTENSIONS = YES;
				CLANG_ANALYZER_NONNULL = YES;
				CLANG_ANALYZER_NUMBER_OBJECT_CONVERSION = YES_AGGRESSIVE;
				CLANG_CXX_LANGUAGE_STANDARD = "gnu++20";
				CLANG_ENABLE_MODULES = YES;
				CLANG_ENABLE_OBJC_ARC = YES;
				CLANG_ENABLE_OBJC_WEAK = YES;
				CLANG_WARN_BLOCK_CAPTURE_AUTORELEASING = YES;
				CLANG_WARN_BOOL_CONVERSION = YES;
				CLANG_WARN_COMMA = YES;
				CLANG_WARN_CONSTANT_CONVERSION = YES;
				CLANG_WARN_DEPRECATED_OBJC_IMPLEMENTATIONS = YES;
				CLANG_WARN_DIRECT_OBJC_ISA_USAGE = YES_ERROR;
				CLANG_WARN_DOCUMENTATION_COMMENTS = YES;
				CLANG_WARN_EMPTY_BODY = YES;
				CLANG_WARN_ENUM_CONVERSION = YES;
				CLANG_WARN_INFINITE_RECURSION = YES;
				CLANG_WARN_INT_CONVERSION = YES;
				CLANG_WARN_NON_LITERAL_NULL_CONVERSION = YES;
				CLANG_WARN_OBJC_IMPLICIT_RETAIN_SELF = YES;
				CLANG_WARN_OBJC_LITERAL_CONVERSION = YES;
				CLANG_WARN_OBJC_ROOT_CLASS = YES_ERROR;
				CLANG_WARN_QUOTED_INCLUDE_IN_FRAMEWORK_HEADER = YES;
				CLANG_WARN_RANGE_LOOP_ANALYSIS = YES;
				CLANG_WARN_STRICT_PROTOTYPES = YES;
				CLANG_WARN_SUSPICIOUS_MOVE = YES;
				CLANG_WARN_UNGUARDED_AVAILABILITY = YES_AGGRESSIVE;
				CLANG_WARN_UNREACHABLE_CODE = YES;
				CLANG_WARN__DUPLICATE_METHOD_MATCH = YES;
				COPY_PHASE_STRIP = NO;
				DEBUG_INFORMATION_FORMAT = dwarf;
				ENABLE_STRICT_OBJC_MSGSEND = YES;
				ENABLE_TESTABILITY = YES;
				ENABLE_USER_SCRIPT_SANDBOXING = YES;
				GCC_C_LANGUAGE_STANDARD = gnu17;
				GCC_DYNAMIC_NO_PIC = NO;
				GCC_NO_COMMON_BLOCKS = YES;
				GCC_OPTIMIZATION_LEVEL = 0;
				GCC_PREPROCESSOR_DEFINITIONS = (
					"DEBUG=1",
					"$(inherited)",
				);
				GCC_WARN_64_TO_32_BIT_CONVERSION = YES;
				GCC_WARN_ABOUT_RETURN_TYPE = YES_ERROR;
				GCC_WARN_UNDECLARED_SELECTOR = YES;
				GCC_WARN_UNINITIALIZED_AUTOS = YES_AGGRESSIVE;
				GCC_WARN_UNUSED_FUNCTION = YES;
				GCC_WARN_UNUSED_VARIABLE = YES;
				IPHONEOS_DEPLOYMENT_TARGET = 17.2;
				LOCALIZATION_PREFERS_STRING_CATALOGS = YES;
				MTL_ENABLE_DEBUG_INFO = INCLUDE_SOURCE;
				MTL_FAST_MATH = YES;
				ONLY_ACTIVE_ARCH = YES;
				SDKROOT = iphoneos;
				SWIFT_ACTIVE_COMPILATION_CONDITIONS = "DEBUG $(inherited)";
				SWIFT_OPTIMIZATION_LEVEL = "-Onone";
			};
			name = Debug;
		};
		895ED3EF2B53081E00750F9D /* Release */ = {
			isa = XCBuildConfiguration;
			buildSettings = {
				ALWAYS_SEARCH_USER_PATHS = NO;
				ASSETCATALOG_COMPILER_GENERATE_SWIFT_ASSET_SYMBOL_EXTENSIONS = YES;
				CLANG_ANALYZER_NONNULL = YES;
				CLANG_ANALYZER_NUMBER_OBJECT_CONVERSION = YES_AGGRESSIVE;
				CLANG_CXX_LANGUAGE_STANDARD = "gnu++20";
				CLANG_ENABLE_MODULES = YES;
				CLANG_ENABLE_OBJC_ARC = YES;
				CLANG_ENABLE_OBJC_WEAK = YES;
				CLANG_WARN_BLOCK_CAPTURE_AUTORELEASING = YES;
				CLANG_WARN_BOOL_CONVERSION = YES;
				CLANG_WARN_COMMA = YES;
				CLANG_WARN_CONSTANT_CONVERSION = YES;
				CLANG_WARN_DEPRECATED_OBJC_IMPLEMENTATIONS = YES;
				CLANG_WARN_DIRECT_OBJC_ISA_USAGE = YES_ERROR;
				CLANG_WARN_DOCUMENTATION_COMMENTS = YES;
				CLANG_WARN_EMPTY_BODY = YES;
				CLANG_WARN_ENUM_CONVERSION = YES;
				CLANG_WARN_INFINITE_RECURSION = YES;
				CLANG_WARN_INT_CONVERSION = YES;
				CLANG_WARN_NON_LITERAL_NULL_CONVERSION = YES;
				CLANG_WARN_OBJC_IMPLICIT_RETAIN_SELF = YES;
				CLANG_WARN_OBJC_LITERAL_CONVERSION = YES;
				CLANG_WARN_OBJC_ROOT_CLASS = YES_ERROR;
				CLANG_WARN_QUOTED_INCLUDE_IN_FRAMEWORK_HEADER = YES;
				CLANG_WARN_RANGE_LOOP_ANALYSIS = YES;
				CLANG_WARN_STRICT_PROTOTYPES = YES;
				CLANG_WARN_SUSPICIOUS_MOVE = YES;
				CLANG_WARN_UNGUARDED_AVAILABILITY = YES_AGGRESSIVE;
				CLANG_WARN_UNREACHABLE_CODE = YES;
				CLANG_WARN__DUPLICATE_METHOD_MATCH = YES;
				COPY_PHASE_STRIP = NO;
				DEBUG_INFORMATION_FORMAT = "dwarf-with-dsym";
				ENABLE_NS_ASSERTIONS = NO;
				ENABLE_STRICT_OBJC_MSGSEND = YES;
				ENABLE_USER_SCRIPT_SANDBOXING = YES;
				GCC_C_LANGUAGE_STANDARD = gnu17;
				GCC_NO_COMMON_BLOCKS = YES;
				GCC_WARN_64_TO_32_BIT_CONVERSION = YES;
				GCC_WARN_ABOUT_RETURN_TYPE = YES_ERROR;
				GCC_WARN_UNDECLARED_SELECTOR = YES;
				GCC_WARN_UNINITIALIZED_AUTOS = YES_AGGRESSIVE;
				GCC_WARN_UNUSED_FUNCTION = YES;
				GCC_WARN_UNUSED_VARIABLE = YES;
				IPHONEOS_DEPLOYMENT_TARGET = 17.2;
				LOCALIZATION_PREFERS_STRING_CATALOGS = YES;
				MTL_ENABLE_DEBUG_INFO = NO;
				MTL_FAST_MATH = YES;
				SDKROOT = iphoneos;
				SWIFT_COMPILATION_MODE = wholemodule;
				VALIDATE_PRODUCT = YES;
			};
			name = Release;
		};
		895ED3F12B53081E00750F9D /* Debug */ = {
			isa = XCBuildConfiguration;
			baseConfigurationReference = 895ED3F92B530A5500750F9D /* secrets.xcconfig */;
			buildSettings = {
				ASSETCATALOG_COMPILER_APPICON_NAME = AppIcon;
				ASSETCATALOG_COMPILER_GLOBAL_ACCENT_COLOR_NAME = AccentColor;
				CODE_SIGN_STYLE = Automatic;
				CURRENT_PROJECT_VERSION = 1;
				DEVELOPMENT_ASSET_PATHS = "\"NasaImages/Preview Content\"";
				DEVELOPMENT_TEAM = D8MTP98QK2;
				ENABLE_PREVIEWS = YES;
				GENERATE_INFOPLIST_FILE = YES;
				INFOPLIST_FILE = NasaImages/Info.plist;
				INFOPLIST_KEY_UIApplicationSceneManifest_Generation = YES;
				INFOPLIST_KEY_UIApplicationSupportsIndirectInputEvents = YES;
				INFOPLIST_KEY_UILaunchScreen_Generation = YES;
				INFOPLIST_KEY_UISupportedInterfaceOrientations_iPad = "UIInterfaceOrientationPortrait UIInterfaceOrientationPortraitUpsideDown UIInterfaceOrientationLandscapeLeft UIInterfaceOrientationLandscapeRight";
				INFOPLIST_KEY_UISupportedInterfaceOrientations_iPhone = "UIInterfaceOrientationPortrait UIInterfaceOrientationLandscapeLeft UIInterfaceOrientationLandscapeRight";
				LD_RUNPATH_SEARCH_PATHS = (
					"$(inherited)",
					"@executable_path/Frameworks",
				);
				MARKETING_VERSION = 1.0;
				PRODUCT_BUNDLE_IDENTIFIER = org.curryware.NasaImages;
				PRODUCT_NAME = "$(TARGET_NAME)";
				SWIFT_EMIT_LOC_STRINGS = YES;
				SWIFT_VERSION = 5.0;
				TARGETED_DEVICE_FAMILY = "1,2";
			};
			name = Debug;
		};
		895ED3F22B53081E00750F9D /* Release */ = {
			isa = XCBuildConfiguration;
			baseConfigurationReference = 895ED3F92B530A5500750F9D /* secrets.xcconfig */;
			buildSettings = {
				ASSETCATALOG_COMPILER_APPICON_NAME = AppIcon;
				ASSETCATALOG_COMPILER_GLOBAL_ACCENT_COLOR_NAME = AccentColor;
				CODE_SIGN_STYLE = Automatic;
				CURRENT_PROJECT_VERSION = 1;
				DEVELOPMENT_ASSET_PATHS = "\"NasaImages/Preview Content\"";
				DEVELOPMENT_TEAM = D8MTP98QK2;
				ENABLE_PREVIEWS = YES;
				GENERATE_INFOPLIST_FILE = YES;
				INFOPLIST_FILE = NasaImages/Info.plist;
				INFOPLIST_KEY_UIApplicationSceneManifest_Generation = YES;
				INFOPLIST_KEY_UIApplicationSupportsIndirectInputEvents = YES;
				INFOPLIST_KEY_UILaunchScreen_Generation = YES;
				INFOPLIST_KEY_UISupportedInterfaceOrientations_iPad = "UIInterfaceOrientationPortrait UIInterfaceOrientationPortraitUpsideDown UIInterfaceOrientationLandscapeLeft UIInterfaceOrientationLandscapeRight";
				INFOPLIST_KEY_UISupportedInterfaceOrientations_iPhone = "UIInterfaceOrientationPortrait UIInterfaceOrientationLandscapeLeft UIInterfaceOrientationLandscapeRight";
				LD_RUNPATH_SEARCH_PATHS = (
					"$(inherited)",
					"@executable_path/Frameworks",
				);
				MARKETING_VERSION = 1.0;
				PRODUCT_BUNDLE_IDENTIFIER = org.curryware.NasaImages;
				PRODUCT_NAME = "$(TARGET_NAME)";
				SWIFT_EMIT_LOC_STRINGS = YES;
				SWIFT_VERSION = 5.0;
				TARGETED_DEVICE_FAMILY = "1,2";
			};
			name = Release;
		};
		895ED3F42B53081E00750F9D /* Debug */ = {
			isa = XCBuildConfiguration;
			baseConfigurationReference = 895ED3F92B530A5500750F9D /* secrets.xcconfig */;
			buildSettings = {
				ALWAYS_EMBED_SWIFT_STANDARD_LIBRARIES = YES;
				BUNDLE_LOADER = "$(TEST_HOST)";
				CODE_SIGN_STYLE = Automatic;
				CURRENT_PROJECT_VERSION = 1;
				DEVELOPMENT_TEAM = D8MTP98QK2;
				GENERATE_INFOPLIST_FILE = YES;
				IPHONEOS_DEPLOYMENT_TARGET = 17.2;
				MARKETING_VERSION = 1.0;
				PRODUCT_BUNDLE_IDENTIFIER = org.curryware.NasaImagesTests;
				PRODUCT_NAME = "$(TARGET_NAME)";
				SWIFT_EMIT_LOC_STRINGS = NO;
				SWIFT_VERSION = 5.0;
				TARGETED_DEVICE_FAMILY = "1,2";
				TEST_HOST = "$(BUILT_PRODUCTS_DIR)/NasaImages.app/$(BUNDLE_EXECUTABLE_FOLDER_PATH)/NasaImages";
			};
			name = Debug;
		};
		895ED3F52B53081E00750F9D /* Release */ = {
			isa = XCBuildConfiguration;
			baseConfigurationReference = 895ED3F92B530A5500750F9D /* secrets.xcconfig */;
			buildSettings = {
				ALWAYS_EMBED_SWIFT_STANDARD_LIBRARIES = YES;
				BUNDLE_LOADER = "$(TEST_HOST)";
				CODE_SIGN_STYLE = Automatic;
				CURRENT_PROJECT_VERSION = 1;
				DEVELOPMENT_TEAM = D8MTP98QK2;
				GENERATE_INFOPLIST_FILE = YES;
				IPHONEOS_DEPLOYMENT_TARGET = 17.2;
				MARKETING_VERSION = 1.0;
				PRODUCT_BUNDLE_IDENTIFIER = org.curryware.NasaImagesTests;
				PRODUCT_NAME = "$(TARGET_NAME)";
				SWIFT_EMIT_LOC_STRINGS = NO;
				SWIFT_VERSION = 5.0;
				TARGETED_DEVICE_FAMILY = "1,2";
				TEST_HOST = "$(BUILT_PRODUCTS_DIR)/NasaImages.app/$(BUNDLE_EXECUTABLE_FOLDER_PATH)/NasaImages";
			};
			name = Release;
		};
		895ED3F72B53081E00750F9D /* Debug */ = {
			isa = XCBuildConfiguration;
			buildSettings = {
				ALWAYS_EMBED_SWIFT_STANDARD_LIBRARIES = YES;
				CODE_SIGN_STYLE = Automatic;
				CURRENT_PROJECT_VERSION = 1;
				DEVELOPMENT_TEAM = D8MTP98QK2;
				GENERATE_INFOPLIST_FILE = YES;
				MARKETING_VERSION = 1.0;
				PRODUCT_BUNDLE_IDENTIFIER = org.curryware.NasaImagesUITests;
				PRODUCT_NAME = "$(TARGET_NAME)";
				SWIFT_EMIT_LOC_STRINGS = NO;
				SWIFT_VERSION = 5.0;
				TARGETED_DEVICE_FAMILY = "1,2";
				TEST_TARGET_NAME = NasaImages;
			};
			name = Debug;
		};
		895ED3F82B53081E00750F9D /* Release */ = {
			isa = XCBuildConfiguration;
			buildSettings = {
				ALWAYS_EMBED_SWIFT_STANDARD_LIBRARIES = YES;
				CODE_SIGN_STYLE = Automatic;
				CURRENT_PROJECT_VERSION = 1;
				DEVELOPMENT_TEAM = D8MTP98QK2;
				GENERATE_INFOPLIST_FILE = YES;
				MARKETING_VERSION = 1.0;
				PRODUCT_BUNDLE_IDENTIFIER = org.curryware.NasaImagesUITests;
				PRODUCT_NAME = "$(TARGET_NAME)";
				SWIFT_EMIT_LOC_STRINGS = NO;
				SWIFT_VERSION = 5.0;
				TARGETED_DEVICE_FAMILY = "1,2";
				TEST_TARGET_NAME = NasaImages;
			};
			name = Release;
		};
/* End XCBuildConfiguration section */

/* Begin XCConfigurationList section */
		895ED3C72B53081C00750F9D /* Build configuration list for PBXProject "NasaImages" */ = {
			isa = XCConfigurationList;
			buildConfigurations = (
				895ED3EE2B53081E00750F9D /* Debug */,
				895ED3EF2B53081E00750F9D /* Release */,
			);
			defaultConfigurationIsVisible = 0;
			defaultConfigurationName = Release;
		};
		895ED3F02B53081E00750F9D /* Build configuration list for PBXNativeTarget "NasaImages" */ = {
			isa = XCConfigurationList;
			buildConfigurations = (
				895ED3F12B53081E00750F9D /* Debug */,
				895ED3F22B53081E00750F9D /* Release */,
			);
			defaultConfigurationIsVisible = 0;
			defaultConfigurationName = Release;
		};
		895ED3F32B53081E00750F9D /* Build configuration list for PBXNativeTarget "NasaImagesTests" */ = {
			isa = XCConfigurationList;
			buildConfigurations = (
				895ED3F42B53081E00750F9D /* Debug */,
				895ED3F52B53081E00750F9D /* Release */,
			);
			defaultConfigurationIsVisible = 0;
			defaultConfigurationName = Release;
		};
		895ED3F62B53081E00750F9D /* Build configuration list for PBXNativeTarget "NasaImagesUITests" */ = {
			isa = XCConfigurationList;
			buildConfigurations = (
				895ED3F72B53081E00750F9D /* Debug */,
				895ED3F82B53081E00750F9D /* Release */,
			);
			defaultConfigurationIsVisible = 0;
			defaultConfigurationName = Release;
		};
/* End XCConfigurationList section */
	};
	rootObject = 895ED3C42B53081C00750F9D /* Project object */;
}
